
Microsoft Visual Studio Solution File, Format Version 12.00
# Visual Studio Version 16
VisualStudioVersion = 16.0.34902.97
MinimumVisualStudioVersion = 10.0.40219.1
Project("{FAE04EC0-301F-11D3-BF4B-00C04F79EFBC}") = "TPPreenchedor", "TPPreenchedor.csproj", "{76C414E3-34F2-4309-9F00-19589C06F82E}"
EndProject
Global
	GlobalSection(SolutionConfigurationPlatforms) = preSolution
		Debug|Any CPU = Debug|Any CPU
		Release|Any CPU = Release|Any CPU
	EndGlobalSection
	GlobalSection(ProjectConfigurationPlatforms) = postSolution
		{76C414E3-34F2-4309-9F00-19589C06F82E}.Debug|Any CPU.ActiveCfg = Debug|Any CPU
		{76C414E3-34F2-4309-9F00-19589C06F82E}.Debug|Any CPU.Build.0 = Debug|Any CPU
		{76C414E3-34F2-4309-9F00-19589C06F82E}.Release|Any CPU.ActiveCfg = Release|Any CPU
		{76C414E3-34F2-4309-9F00-19589C06F82E}.Release|Any CPU.Build.0 = Release|Any CPU
	EndGlobalSection
	GlobalSection(SolutionProperties) = preSolution
		HideSolutionNode = FALSE
	EndGlobalSection
	GlobalSection(ExtensibilityGlobals) = postSolution
		SolutionGuid = {262B9D38-9AF4-4B52-BEDE-190E508CB287}
	EndGlobalSection
EndGlobal
